
Microsoft Visual Studio Solution File, Format Version 12.00
# Visual Studio Version 17
VisualStudioVersion = 17.2.32616.157
MinimumVisualStudioVersion = 10.0.40219.1
Project("{9A19103F-16F7-4668-BE54-9A1E7A4F7556}") = "GameShop.Server", "GameShop\Server\GameShop.Server.csproj", "{7837BD61-36CD-4BBA-B52D-83A221086B14}"
EndProject
Project("{9A19103F-16F7-4668-BE54-9A1E7A4F7556}") = "GameShop.Client", "GameShop\Client\GameShop.Client.csproj", "{0ACA28C0-282A-477C-A71C-9A7552555EA2}"
EndProject
Project("{9A19103F-16F7-4668-BE54-9A1E7A4F7556}") = "GameShop.Shared", "GameShop\Shared\GameShop.Shared.csproj", "{6BD56DC7-4DE3-4B1B-9D23-F912B59A64D5}"
EndProject
Global
	GlobalSection(SolutionConfigurationPlatforms) = preSolution
		Debug|Any CPU = Debug|Any CPU
		Release|Any CPU = Release|Any CPU
	EndGlobalSection
	GlobalSection(ProjectConfigurationPlatforms) = postSolution
		{7837BD61-36CD-4BBA-B52D-83A221086B14}.Debug|Any CPU.ActiveCfg = Debug|Any CPU
		{7837BD61-36CD-4BBA-B52D-83A221086B14}.Debug|Any CPU.Build.0 = Debug|Any CPU
		{7837BD61-36CD-4BBA-B52D-83A221086B14}.Release|Any CPU.ActiveCfg = Release|Any CPU
		{7837BD61-36CD-4BBA-B52D-83A221086B14}.Release|Any CPU.Build.0 = Release|Any CPU
		{0ACA28C0-282A-477C-A71C-9A7552555EA2}.Debug|Any CPU.ActiveCfg = Debug|Any CPU
		{0ACA28C0-282A-477C-A71C-9A7552555EA2}.Debug|Any CPU.Build.0 = Debug|Any CPU
		{0ACA28C0-282A-477C-A71C-9A7552555EA2}.Release|Any CPU.ActiveCfg = Release|Any CPU
		{0ACA28C0-282A-477C-A71C-9A7552555EA2}.Release|Any CPU.Build.0 = Release|Any CPU
		{6BD56DC7-4DE3-4B1B-9D23-F912B59A64D5}.Debug|Any CPU.ActiveCfg = Debug|Any CPU
		{6BD56DC7-4DE3-4B1B-9D23-F912B59A64D5}.Debug|Any CPU.Build.0 = Debug|Any CPU
		{6BD56DC7-4DE3-4B1B-9D23-F912B59A64D5}.Release|Any CPU.ActiveCfg = Release|Any CPU
		{6BD56DC7-4DE3-4B1B-9D23-F912B59A64D5}.Release|Any CPU.Build.0 = Release|Any CPU
	EndGlobalSection
	GlobalSection(SolutionProperties) = preSolution
		HideSolutionNode = FALSE
	EndGlobalSection
	GlobalSection(ExtensibilityGlobals) = postSolution
		SolutionGuid = {800441AE-5623-4343-9D05-9DF7787BA51E}
	EndGlobalSection
EndGlobal
